
Microsoft Visual Studio Solution File, Format Version 12.00
# Visual Studio 14
VisualStudioVersion = 14.0.25420.1
MinimumVisualStudioVersion = 10.0.40219.1
Project("{FAE04EC0-301F-11D3-BF4B-00C04F79EFBC}") = "Schneedetektion.Data", "Schneedetektion.Data\Schneedetektion.Data.csproj", "{6D89FF74-62A0-48D4-9C19-2F83CBFD112F}"
EndProject
Project("{FAE04EC0-301F-11D3-BF4B-00C04F79EFBC}") = "Schneedetektion.GatherData", "Schneedetektion.GatherData\Schneedetektion.GatherData.csproj", "{81013EB7-CE1B-4141-AF40-EAAAEF7457DB}"
EndProject
Project("{FAE04EC0-301F-11D3-BF4B-00C04F79EFBC}") = "Schneedetektion.ImagePlayground", "Schneedetektion.ImagePlayground\Schneedetektion.ImagePlayground.csproj", "{49B7A4D8-CCF8-46B9-8467-35215A17F25F}"
EndProject
Global
	GlobalSection(SolutionConfigurationPlatforms) = preSolution
		Debug|Any CPU = Debug|Any CPU
		Release|Any CPU = Release|Any CPU
	EndGlobalSection
	GlobalSection(ProjectConfigurationPlatforms) = postSolution
		{6D89FF74-62A0-48D4-9C19-2F83CBFD112F}.Debug|Any CPU.ActiveCfg = Debug|Any CPU
		{6D89FF74-62A0-48D4-9C19-2F83CBFD112F}.Debug|Any CPU.Build.0 = Debug|Any CPU
		{6D89FF74-62A0-48D4-9C19-2F83CBFD112F}.Release|Any CPU.ActiveCfg = Release|Any CPU
		{6D89FF74-62A0-48D4-9C19-2F83CBFD112F}.Release|Any CPU.Build.0 = Release|Any CPU
		{81013EB7-CE1B-4141-AF40-EAAAEF7457DB}.Debug|Any CPU.ActiveCfg = Debug|Any CPU
		{81013EB7-CE1B-4141-AF40-EAAAEF7457DB}.Debug|Any CPU.Build.0 = Debug|Any CPU
		{81013EB7-CE1B-4141-AF40-EAAAEF7457DB}.Release|Any CPU.ActiveCfg = Release|Any CPU
		{81013EB7-CE1B-4141-AF40-EAAAEF7457DB}.Release|Any CPU.Build.0 = Release|Any CPU
		{49B7A4D8-CCF8-46B9-8467-35215A17F25F}.Debug|Any CPU.ActiveCfg = Debug|Any CPU
		{49B7A4D8-CCF8-46B9-8467-35215A17F25F}.Debug|Any CPU.Build.0 = Debug|Any CPU
		{49B7A4D8-CCF8-46B9-8467-35215A17F25F}.Release|Any CPU.ActiveCfg = Release|Any CPU
		{49B7A4D8-CCF8-46B9-8467-35215A17F25F}.Release|Any CPU.Build.0 = Release|Any CPU
	EndGlobalSection
	GlobalSection(SolutionProperties) = preSolution
		HideSolutionNode = FALSE
	EndGlobalSection
EndGlobal
